PODS:
  - Cuckoo (0.12.0)
  - ReachabilitySwift (4.3.1)

DEPENDENCIES:
  - Cuckoo (= 0.12.0)
  - ReachabilitySwift

SPEC REPOS:
  https://github.com/cocoapods/specs.git:
    - Cuckoo
    - ReachabilitySwift

SPEC CHECKSUMS:
  Cuckoo: d30b6c149e52ffbcfe6b4a9543e4627d08947274
  ReachabilitySwift: 4032e2f59586e11e3b0ebe15b167abdd587a388b

PODFILE CHECKSUM: f97f91cdb8a2ea3b7c262e5cfebe99da67fd5a8b

COCOAPODS: 1.6.0
